// !$*UTF8*$!
{
	archiveVersion = 1;
	classes = {
	};
	objectVersion = 56;
	objects = {

/* Begin PBXBuildFile section */
		F14B03602A917EE700F8A01F /* EssentialFeedSelf.framework in Frameworks */ = {isa = PBXBuildFile; fileRef = F14B03572A917EE600F8A01F /* EssentialFeedSelf.framework */; };
		F14B03652A917EE700F8A01F /* EssentialFeedSelfTests.swift in Sources */ = {isa = PBXBuildFile; fileRef = F14B03642A917EE700F8A01F /* EssentialFeedSelfTests.swift */; };
		F14B03662A917EE700F8A01F /* EssentialFeedSelf.h in Headers */ = {isa = PBXBuildFile; fileRef = F14B035A2A917EE600F8A01F /* EssentialFeedSelf.h */; settings = {ATTRIBUTES = (Public, ); }; };
		F14B03702A9180F100F8A01F /* FeedItem.swift in Sources */ = {isa = PBXBuildFile; fileRef = F14B036F2A9180F100F8A01F /* FeedItem.swift */; };
		F1C070782A91827100E4C509 /* FeedLoader.swift in Sources */ = {isa = PBXBuildFile; fileRef = F1C070772A91827100E4C509 /* FeedLoader.swift */; };
/* End PBXBuildFile section */

/* Begin PBXContainerItemProxy section */
		F14B03612A917EE700F8A01F /* PBXContainerItemProxy */ = {
			isa = PBXContainerItemProxy;
			containerPortal = F14B034E2A917EE600F8A01F /* Project object */;
			proxyType = 1;
			remoteGlobalIDString = F14B03562A917EE600F8A01F;
			remoteInfo = EssentialFeedSelf;
		};
/* End PBXContainerItemProxy section */

/* Begin PBXFileReference section */
		F14B03572A917EE600F8A01F /* EssentialFeedSelf.framework */ = {isa = PBXFileReference; explicitFileType = wrapper.framework; includeInIndex = 0; path = EssentialFeedSelf.framework; sourceTree = BUILT_PRODUCTS_DIR; };
		F14B035A2A917EE600F8A01F /* EssentialFeedSelf.h */ = {isa = PBXFileReference; lastKnownFileType = sourcecode.c.h; path = EssentialFeedSelf.h; sourceTree = "<group>"; };
		F14B035F2A917EE700F8A01F /* EssentialFeedSelfTests.xctest */ = {isa = PBXFileReference; explicitFileType = wrapper.cfbundle; includeInIndex = 0; path = EssentialFeedSelfTests.xctest; sourceTree = BUILT_PRODUCTS_DIR; };
		F14B03642A917EE700F8A01F /* EssentialFeedSelfTests.swift */ = {isa = PBXFileReference; lastKnownFileType = sourcecode.swift; path = EssentialFeedSelfTests.swift; sourceTree = "<group>"; };
		F14B036F2A9180F100F8A01F /* FeedItem.swift */ = {isa = PBXFileReference; lastKnownFileType = sourcecode.swift; path = FeedItem.swift; sourceTree = "<group>"; };
		F1C070772A91827100E4C509 /* FeedLoader.swift */ = {isa = PBXFileReference; lastKnownFileType = sourcecode.swift; path = FeedLoader.swift; sourceTree = "<group>"; };
/* End PBXFileReference section */

/* Begin PBXFrameworksBuildPhase section */
		F14B03542A917EE600F8A01F /* Frameworks */ = {
			isa = PBXFrameworksBuildPhase;
			buildActionMask = 2147483647;
			files = (
			);
			runOnlyForDeploymentPostprocessing = 0;
		};
		F14B035C2A917EE700F8A01F /* Frameworks */ = {
			isa = PBXFrameworksBuildPhase;
			buildActionMask = 2147483647;
			files = (
				F14B03602A917EE700F8A01F /* EssentialFeedSelf.framework in Frameworks */,
			);
			runOnlyForDeploymentPostprocessing = 0;
		};
/* End PBXFrameworksBuildPhase section */

/* Begin PBXGroup section */
		F14B034D2A917EE600F8A01F = {
			isa = PBXGroup;
			children = (
				F14B03592A917EE600F8A01F /* EssentialFeedSelf */,
				F14B03632A917EE700F8A01F /* EssentialFeedSelfTests */,
				F14B03582A917EE600F8A01F /* Products */,
			);
			sourceTree = "<group>";
		};
		F14B03582A917EE600F8A01F /* Products */ = {
			isa = PBXGroup;
			children = (
				F14B03572A917EE600F8A01F /* EssentialFeedSelf.framework */,
				F14B035F2A917EE700F8A01F /* EssentialFeedSelfTests.xctest */,
			);
			name = Products;
			sourceTree = "<group>";
		};
		F14B03592A917EE600F8A01F /* EssentialFeedSelf */ = {
			isa = PBXGroup;
			children = (
				F14B035A2A917EE600F8A01F /* EssentialFeedSelf.h */,
				F1C070792A91834000E4C509 /* Feed Feature */,
			);
			path = EssentialFeedSelf;
			sourceTree = "<group>";
		};
		F14B03632A917EE700F8A01F /* EssentialFeedSelfTests */ = {
			isa = PBXGroup;
			children = (
				F14B03642A917EE700F8A01F /* EssentialFeedSelfTests.swift */,
			);
			path = EssentialFeedSelfTests;
			sourceTree = "<group>";
		};
		F1C070792A91834000E4C509 /* Feed Feature */ = {
			isa = PBXGroup;
			children = (
				F14B036F2A9180F100F8A01F /* FeedItem.swift */,
				F1C070772A91827100E4C509 /* FeedLoader.swift */,
			);
			path = "Feed Feature";
			sourceTree = "<group>";
		};
/* End PBXGroup section */

/* Begin PBXHeadersBuildPhase section */
		F14B03522A917EE600F8A01F /* Headers */ = {
			isa = PBXHeadersBuildPhase;
			buildActionMask = 2147483647;
			files = (
				F14B03662A917EE700F8A01F /* EssentialFeedSelf.h in Headers */,
			);
			runOnlyForDeploymentPostprocessing = 0;
		};
/* End PBXHeadersBuildPhase section */

/* Begin PBXNativeTarget section */
		F14B03562A917EE600F8A01F /* EssentialFeedSelf */ = {
			isa = PBXNativeTarget;
			buildConfigurationList = F14B03692A917EE700F8A01F /* Build configuration list for PBXNativeTarget "EssentialFeedSelf" */;
			buildPhases = (
				F14B03522A917EE600F8A01F /* Headers */,
				F14B03532A917EE600F8A01F /* Sources */,
				F14B03542A917EE600F8A01F /* Frameworks */,
				F14B03552A917EE600F8A01F /* Resources */,
			);
			buildRules = (
			);
			dependencies = (
			);
			name = EssentialFeedSelf;
			productName = EssentialFeedSelf;
			productReference = F14B03572A917EE600F8A01F /* EssentialFeedSelf.framework */;
			productType = "com.apple.product-type.framework";
		};
		F14B035E2A917EE700F8A01F /* EssentialFeedSelfTests */ = {
			isa = PBXNativeTarget;
			buildConfigurationList = F14B036C2A917EE700F8A01F /* Build configuration list for PBXNativeTarget "EssentialFeedSelfTests" */;
			buildPhases = (
				F14B035B2A917EE700F8A01F /* Sources */,
				F14B035C2A917EE700F8A01F /* Frameworks */,
				F14B035D2A917EE700F8A01F /* Resources */,
			);
			buildRules = (
			);
			dependencies = (
				F14B03622A917EE700F8A01F /* PBXTargetDependency */,
			);
			name = EssentialFeedSelfTests;
			productName = EssentialFeedSelfTests;
			productReference = F14B035F2A917EE700F8A01F /* EssentialFeedSelfTests.xctest */;
			productType = "com.apple.product-type.bundle.unit-test";
		};
/* End PBXNativeTarget section */

/* Begin PBXProject section */
		F14B034E2A917EE600F8A01F /* Project object */ = {
			isa = PBXProject;
			attributes = {
				BuildIndependentTargetsInParallel = 1;
				LastSwiftUpdateCheck = 1420;
				LastUpgradeCheck = 1420;
				TargetAttributes = {
					F14B03562A917EE600F8A01F = {
						CreatedOnToolsVersion = 14.2;
						LastSwiftMigration = 1420;
					};
					F14B035E2A917EE700F8A01F = {
						CreatedOnToolsVersion = 14.2;
					};
				};
			};
			buildConfigurationList = F14B03512A917EE600F8A01F /* Build configuration list for PBXProject "EssentialFeedSelf" */;
			compatibilityVersion = "Xcode 14.0";
			developmentRegion = en;
			hasScannedForEncodings = 0;
			knownRegions = (
				en,
				Base,
			);
			mainGroup = F14B034D2A917EE600F8A01F;
			productRefGroup = F14B03582A917EE600F8A01F /* Products */;
			projectDirPath = "";
			projectRoot = "";
			targets = (
				F14B03562A917EE600F8A01F /* EssentialFeedSelf */,
				F14B035E2A917EE700F8A01F /* EssentialFeedSelfTests */,
			);
		};
/* End PBXProject section */

/* Begin PBXResourcesBuildPhase section */
		F14B03552A917EE600F8A01F /* Resources */ = {
			isa = PBXResourcesBuildPhase;
			buildActionMask = 2147483647;
			files = (
			);
			runOnlyForDeploymentPostprocessing = 0;
		};
		F14B035D2A917EE700F8A01F /* Resources */ = {
			isa = PBXResourcesBuildPhase;
			buildActionMask = 2147483647;
			files = (
			);
			runOnlyForDeploymentPostprocessing = 0;
		};
/* End PBXResourcesBuildPhase section */

/* Begin PBXSourcesBuildPhase section */
		F14B03532A917EE600F8A01F /* Sources */ = {
			isa = PBXSourcesBuildPhase;
			buildActionMask = 2147483647;
			files = (
				F1C070782A91827100E4C509 /* FeedLoader.swift in Sources */,
				F14B03702A9180F100F8A01F /* FeedItem.swift in Sources */,
			);
			runOnlyForDeploymentPostprocessing = 0;
		};
		F14B035B2A917EE700F8A01F /* Sources */ = {
			isa = PBXSourcesBuildPhase;
			buildActionMask = 2147483647;
			files = (
				F14B03652A917EE700F8A01F /* EssentialFeedSelfTests.swift in Sources */,
			);
			runOnlyForDeploymentPostprocessing = 0;
		};
/* End PBXSourcesBuildPhase section */

/* Begin PBXTargetDependency section */
		F14B03622A917EE700F8A01F /* PBXTargetDependency */ = {
			isa = PBXTargetDependency;
			target = F14B03562A917EE600F8A01F /* EssentialFeedSelf */;
			targetProxy = F14B03612A917EE700F8A01F /* PBXContainerItemProxy */;
		};
/* End PBXTargetDependency section */

/* Begin XCBuildConfiguration section */
		F14B03672A917EE700F8A01F /* Debug */ = {
			isa = XCBuildConfiguration;
			buildSettings = {
				ALWAYS_SEARCH_USER_PATHS = NO;
				CLANG_ANALYZER_NONNULL = YES;
				CLANG_ANALYZER_NUMBER_OBJECT_CONVERSION = YES_AGGRESSIVE;
				CLANG_CXX_LANGUAGE_STANDARD = "gnu++20";
				CLANG_ENABLE_MODULES = YES;
				CLANG_ENABLE_OBJC_ARC = YES;
				CLANG_ENABLE_OBJC_WEAK = YES;
				CLANG_WARN_BLOCK_CAPTURE_AUTORELEASING = YES;
				CLANG_WARN_BOOL_CONVERSION = YES;
				CLANG_WARN_COMMA = YES;
				CLANG_WARN_CONSTANT_CONVERSION = YES;
				CLANG_WARN_DEPRECATED_OBJC_IMPLEMENTATIONS = YES;
				CLANG_WARN_DIRECT_OBJC_ISA_USAGE = YES_ERROR;
				CLANG_WARN_DOCUMENTATION_COMMENTS = YES;
				CLANG_WARN_EMPTY_BODY = YES;
				CLANG_WARN_ENUM_CONVERSION = YES;
				CLANG_WARN_INFINITE_RECURSION = YES;
				CLANG_WARN_INT_CONVERSION = YES;
				CLANG_WARN_NON_LITERAL_NULL_CONVERSION = YES;
				CLANG_WARN_OBJC_IMPLICIT_RETAIN_SELF = YES;
				CLANG_WARN_OBJC_LITERAL_CONVERSION = YES;
				CLANG_WARN_OBJC_ROOT_CLASS = YES_ERROR;
				CLANG_WARN_QUOTED_INCLUDE_IN_FRAMEWORK_HEADER = YES;
				CLANG_WARN_RANGE_LOOP_ANALYSIS = YES;
				CLANG_WARN_STRICT_PROTOTYPES = YES;
				CLANG_WARN_SUSPICIOUS_MOVE = YES;
				CLANG_WARN_UNGUARDED_AVAILABILITY = YES_AGGRESSIVE;
				CLANG_WARN_UNREACHABLE_CODE = YES;
				CLANG_WARN__DUPLICATE_METHOD_MATCH = YES;
				COPY_PHASE_STRIP = NO;
				CURRENT_PROJECT_VERSION = 1;
				DEBUG_INFORMATION_FORMAT = dwarf;
				ENABLE_STRICT_OBJC_MSGSEND = YES;
				ENABLE_TESTABILITY = YES;
				GCC_C_LANGUAGE_STANDARD = gnu11;
				GCC_DYNAMIC_NO_PIC = NO;
				GCC_NO_COMMON_BLOCKS = YES;
				GCC_OPTIMIZATION_LEVEL = 0;
				GCC_PREPROCESSOR_DEFINITIONS = (
					"DEBUG=1",
					"$(inherited)",
				);
				GCC_WARN_64_TO_32_BIT_CONVERSION = YES;
				GCC_WARN_ABOUT_RETURN_TYPE = YES_ERROR;
				GCC_WARN_UNDECLARED_SELECTOR = YES;
				GCC_WARN_UNINITIALIZED_AUTOS = YES_AGGRESSIVE;
				GCC_WARN_UNUSED_FUNCTION = YES;
				GCC_WARN_UNUSED_VARIABLE = YES;
				MACOSX_DEPLOYMENT_TARGET = 12.6;
				MTL_ENABLE_DEBUG_INFO = INCLUDE_SOURCE;
				MTL_FAST_MATH = YES;
				ONLY_ACTIVE_ARCH = YES;
				SDKROOT = macosx;
				SWIFT_ACTIVE_COMPILATION_CONDITIONS = DEBUG;
				SWIFT_OPTIMIZATION_LEVEL = "-Onone";
				VERSIONING_SYSTEM = "apple-generic";
				VERSION_INFO_PREFIX = "";
			};
			name = Debug;
		};
		F14B03682A917EE700F8A01F /* Release */ = {
			isa = XCBuildConfiguration;
			buildSettings = {
				ALWAYS_SEARCH_USER_PATHS = NO;
				CLANG_ANALYZER_NONNULL = YES;
				CLANG_ANALYZER_NUMBER_OBJECT_CONVERSION = YES_AGGRESSIVE;
				CLANG_CXX_LANGUAGE_STANDARD = "gnu++20";
				CLANG_ENABLE_MODULES = YES;
				CLANG_ENABLE_OBJC_ARC = YES;
				CLANG_ENABLE_OBJC_WEAK = YES;
				CLANG_WARN_BLOCK_CAPTURE_AUTORELEASING = YES;
				CLANG_WARN_BOOL_CONVERSION = YES;
				CLANG_WARN_COMMA = YES;
				CLANG_WARN_CONSTANT_CONVERSION = YES;
				CLANG_WARN_DEPRECATED_OBJC_IMPLEMENTATIONS = YES;
				CLANG_WARN_DIRECT_OBJC_ISA_USAGE = YES_ERROR;
				CLANG_WARN_DOCUMENTATION_COMMENTS = YES;
				CLANG_WARN_EMPTY_BODY = YES;
				CLANG_WARN_ENUM_CONVERSION = YES;
				CLANG_WARN_INFINITE_RECURSION = YES;
				CLANG_WARN_INT_CONVERSION = YES;
				CLANG_WARN_NON_LITERAL_NULL_CONVERSION = YES;
				CLANG_WARN_OBJC_IMPLICIT_RETAIN_SELF = YES;
				CLANG_WARN_OBJC_LITERAL_CONVERSION = YES;
				CLANG_WARN_OBJC_ROOT_CLASS = YES_ERROR;
				CLANG_WARN_QUOTED_INCLUDE_IN_FRAMEWORK_HEADER = YES;
				CLANG_WARN_RANGE_LOOP_ANALYSIS = YES;
				CLANG_WARN_STRICT_PROTOTYPES = YES;
				CLANG_WARN_SUSPICIOUS_MOVE = YES;
				CLANG_WARN_UNGUARDED_AVAILABILITY = YES_AGGRESSIVE;
				CLANG_WARN_UNREACHABLE_CODE = YES;
				CLANG_WARN__DUPLICATE_METHOD_MATCH = YES;
				COPY_PHASE_STRIP = NO;
				CURRENT_PROJECT_VERSION = 1;
				DEBUG_INFORMATION_FORMAT = "dwarf-with-dsym";
				ENABLE_NS_ASSERTIONS = NO;
				ENABLE_STRICT_OBJC_MSGSEND = YES;
				GCC_C_LANGUAGE_STANDARD = gnu11;
				GCC_NO_COMMON_BLOCKS = YES;
				GCC_WARN_64_TO_32_BIT_CONVERSION = YES;
				GCC_WARN_ABOUT_RETURN_TYPE = YES_ERROR;
				GCC_WARN_UNDECLARED_SELECTOR = YES;
				GCC_WARN_UNINITIALIZED_AUTOS = YES_AGGRESSIVE;
				GCC_WARN_UNUSED_FUNCTION = YES;
				GCC_WARN_UNUSED_VARIABLE = YES;
				MACOSX_DEPLOYMENT_TARGET = 12.6;
				MTL_ENABLE_DEBUG_INFO = NO;
				MTL_FAST_MATH = YES;
				SDKROOT = macosx;
				SWIFT_COMPILATION_MODE = wholemodule;
				SWIFT_OPTIMIZATION_LEVEL = "-O";
				VERSIONING_SYSTEM = "apple-generic";
				VERSION_INFO_PREFIX = "";
			};
			name = Release;
		};
		F14B036A2A917EE700F8A01F /* Debug */ = {
			isa = XCBuildConfiguration;
			buildSettings = {
				CLANG_ENABLE_MODULES = YES;
				CODE_SIGN_STYLE = Automatic;
				COMBINE_HIDPI_IMAGES = YES;
				CURRENT_PROJECT_VERSION = 1;
				DEFINES_MODULE = YES;
				DEVELOPMENT_TEAM = Y6D4PDUL7F;
				DYLIB_COMPATIBILITY_VERSION = 1;
				DYLIB_CURRENT_VERSION = 1;
				DYLIB_INSTALL_NAME_BASE = "@rpath";
				GENERATE_INFOPLIST_FILE = YES;
				INFOPLIST_KEY_NSHumanReadableCopyright = "";
				INSTALL_PATH = "$(LOCAL_LIBRARY_DIR)/Frameworks";
				LD_RUNPATH_SEARCH_PATHS = (
					"$(inherited)",
					"@executable_path/../Frameworks",
					"@loader_path/Frameworks",
				);
				MARKETING_VERSION = 1.0;
				PRODUCT_BUNDLE_IDENTIFIER = com.hdev.EssentialFeedSelf;
				PRODUCT_NAME = "$(TARGET_NAME:c99extidentifier)";
				SKIP_INSTALL = YES;
				SWIFT_EMIT_LOC_STRINGS = YES;
				SWIFT_OPTIMIZATION_LEVEL = "-Onone";
				SWIFT_VERSION = 5.0;
			};
			name = Debug;
		};
		F14B036B2A917EE700F8A01F /* Release */ = {
			isa = XCBuildConfiguration;
			buildSettings = {
				CLANG_ENABLE_MODULES = YES;
				CODE_SIGN_STYLE = Automatic;
				COMBINE_HIDPI_IMAGES = YES;
				CURRENT_PROJECT_VERSION = 1;
				DEFINES_MODULE = YES;
				DEVELOPMENT_TEAM = Y6D4PDUL7F;
				DYLIB_COMPATIBILITY_VERSION = 1;
				DYLIB_CURRENT_VERSION = 1;
				DYLIB_INSTALL_NAME_BASE = "@rpath";
				GENERATE_INFOPLIST_FILE = YES;
				INFOPLIST_KEY_NSHumanReadableCopyright = "";
				INSTALL_PATH = "$(LOCAL_LIBRARY_DIR)/Frameworks";
				LD_RUNPATH_SEARCH_PATHS = (
					"$(inherited)",
					"@executable_path/../Frameworks",
					"@loader_path/Frameworks",
				);
				MARKETING_VERSION = 1.0;
				PRODUCT_BUNDLE_IDENTIFIER = com.hdev.EssentialFeedSelf;
				PRODUCT_NAME = "$(TARGET_NAME:c99extidentifier)";
				SKIP_INSTALL = YES;
				SWIFT_EMIT_LOC_STRINGS = YES;
				SWIFT_VERSION = 5.0;
			};
			name = Release;
		};
		F14B036D2A917EE700F8A01F /* Debug */ = {
			isa = XCBuildConfiguration;
			buildSettings = {
				ALWAYS_EMBED_SWIFT_STANDARD_LIBRARIES = YES;
				CODE_SIGN_STYLE = Automatic;
				CURRENT_PROJECT_VERSION = 1;
				DEVELOPMENT_TEAM = Y6D4PDUL7F;
				GENERATE_INFOPLIST_FILE = YES;
				MARKETING_VERSION = 1.0;
				PRODUCT_BUNDLE_IDENTIFIER = com.hdev.EssentialFeedSelfTests;
				PRODUCT_NAME = "$(TARGET_NAME)";
				SWIFT_EMIT_LOC_STRINGS = NO;
				SWIFT_VERSION = 5.0;
			};
			name = Debug;
		};
		F14B036E2A917EE700F8A01F /* Release */ = {
			isa = XCBuildConfiguration;
			buildSettings = {
				ALWAYS_EMBED_SWIFT_STANDARD_LIBRARIES = YES;
				CODE_SIGN_STYLE = Automatic;
				CURRENT_PROJECT_VERSION = 1;
				DEVELOPMENT_TEAM = Y6D4PDUL7F;
				GENERATE_INFOPLIST_FILE = YES;
				MARKETING_VERSION = 1.0;
				PRODUCT_BUNDLE_IDENTIFIER = com.hdev.EssentialFeedSelfTests;
				PRODUCT_NAME = "$(TARGET_NAME)";
				SWIFT_EMIT_LOC_STRINGS = NO;
				SWIFT_VERSION = 5.0;
			};
			name = Release;
		};
/* End XCBuildConfiguration section */

/* Begin XCConfigurationList section */
		F14B03512A917EE600F8A01F /* Build configuration list for PBXProject "EssentialFeedSelf" */ = {
			isa = XCConfigurationList;
			buildConfigurations = (
				F14B03672A917EE700F8A01F /* Debug */,
				F14B03682A917EE700F8A01F /* Release */,
			);
			defaultConfigurationIsVisible = 0;
			defaultConfigurationName = Release;
		};
		F14B03692A917EE700F8A01F /* Build configuration list for PBXNativeTarget "EssentialFeedSelf" */ = {
			isa = XCConfigurationList;
			buildConfigurations = (
				F14B036A2A917EE700F8A01F /* Debug */,
				F14B036B2A917EE700F8A01F /* Release */,
			);
			defaultConfigurationIsVisible = 0;
			defaultConfigurationName = Release;
		};
		F14B036C2A917EE700F8A01F /* Build configuration list for PBXNativeTarget "EssentialFeedSelfTests" */ = {
			isa = XCConfigurationList;
			buildConfigurations = (
				F14B036D2A917EE700F8A01F /* Debug */,
				F14B036E2A917EE700F8A01F /* Release */,
			);
			defaultConfigurationIsVisible = 0;
			defaultConfigurationName = Release;
		};
/* End XCConfigurationList section */
	};
	rootObject = F14B034E2A917EE600F8A01F /* Project object */;
}
