// !$*UTF8*$!
{
	archiveVersion = 1;
	classes = {
	};
	objectVersion = 56;
	objects = {

/* Begin PBXBuildFile section */
		F168EB4B2ABAA04C0002422C /* EssentialFeedEx2.framework in Frameworks */ = {isa = PBXBuildFile; fileRef = F168EB422ABAA04C0002422C /* EssentialFeedEx2.framework */; };
		F168EB502ABAA04C0002422C /* EssentialFeedEx2Tests.swift in Sources */ = {isa = PBXBuildFile; fileRef = F168EB4F2ABAA04C0002422C /* EssentialFeedEx2Tests.swift */; };
		F168EB512ABAA04C0002422C /* EssentialFeedEx2.h in Headers */ = {isa = PBXBuildFile; fileRef = F168EB452ABAA04C0002422C /* EssentialFeedEx2.h */; settings = {ATTRIBUTES = (Public, ); }; };
		F168EB5C2ABAA0860002422C /* FeedItem.swift in Sources */ = {isa = PBXBuildFile; fileRef = F168EB5B2ABAA0860002422C /* FeedItem.swift */; };
		F168EB5E2ABAA0930002422C /* FeedLoader.swift in Sources */ = {isa = PBXBuildFile; fileRef = F168EB5D2ABAA0930002422C /* FeedLoader.swift */; };
/* End PBXBuildFile section */

/* Begin PBXContainerItemProxy section */
		F168EB4C2ABAA04C0002422C /* PBXContainerItemProxy */ = {
			isa = PBXContainerItemProxy;
			containerPortal = F168EB392ABAA04C0002422C /* Project object */;
			proxyType = 1;
			remoteGlobalIDString = F168EB412ABAA04C0002422C;
			remoteInfo = EssentialFeedEx2;
		};
/* End PBXContainerItemProxy section */

/* Begin PBXFileReference section */
		F168EB422ABAA04C0002422C /* EssentialFeedEx2.framework */ = {isa = PBXFileReference; explicitFileType = wrapper.framework; includeInIndex = 0; path = EssentialFeedEx2.framework; sourceTree = BUILT_PRODUCTS_DIR; };
		F168EB452ABAA04C0002422C /* EssentialFeedEx2.h */ = {isa = PBXFileReference; lastKnownFileType = sourcecode.c.h; path = EssentialFeedEx2.h; sourceTree = "<group>"; };
		F168EB4A2ABAA04C0002422C /* EssentialFeedEx2Tests.xctest */ = {isa = PBXFileReference; explicitFileType = wrapper.cfbundle; includeInIndex = 0; path = EssentialFeedEx2Tests.xctest; sourceTree = BUILT_PRODUCTS_DIR; };
		F168EB4F2ABAA04C0002422C /* EssentialFeedEx2Tests.swift */ = {isa = PBXFileReference; lastKnownFileType = sourcecode.swift; path = EssentialFeedEx2Tests.swift; sourceTree = "<group>"; };
		F168EB5B2ABAA0860002422C /* FeedItem.swift */ = {isa = PBXFileReference; lastKnownFileType = sourcecode.swift; path = FeedItem.swift; sourceTree = "<group>"; };
		F168EB5D2ABAA0930002422C /* FeedLoader.swift */ = {isa = PBXFileReference; lastKnownFileType = sourcecode.swift; path = FeedLoader.swift; sourceTree = "<group>"; };
/* End PBXFileReference section */

/* Begin PBXFrameworksBuildPhase section */
		F168EB3F2ABAA04C0002422C /* Frameworks */ = {
			isa = PBXFrameworksBuildPhase;
			buildActionMask = 2147483647;
			files = (
			);
			runOnlyForDeploymentPostprocessing = 0;
		};
		F168EB472ABAA04C0002422C /* Frameworks */ = {
			isa = PBXFrameworksBuildPhase;
			buildActionMask = 2147483647;
			files = (
				F168EB4B2ABAA04C0002422C /* EssentialFeedEx2.framework in Frameworks */,
			);
			runOnlyForDeploymentPostprocessing = 0;
		};
/* End PBXFrameworksBuildPhase section */

/* Begin PBXGroup section */
		F168EB382ABAA04C0002422C = {
			isa = PBXGroup;
			children = (
				F168EB442ABAA04C0002422C /* EssentialFeedEx2 */,
				F168EB4E2ABAA04C0002422C /* EssentialFeedEx2Tests */,
				F168EB432ABAA04C0002422C /* Products */,
			);
			sourceTree = "<group>";
		};
		F168EB432ABAA04C0002422C /* Products */ = {
			isa = PBXGroup;
			children = (
				F168EB422ABAA04C0002422C /* EssentialFeedEx2.framework */,
				F168EB4A2ABAA04C0002422C /* EssentialFeedEx2Tests.xctest */,
			);
			name = Products;
			sourceTree = "<group>";
		};
		F168EB442ABAA04C0002422C /* EssentialFeedEx2 */ = {
			isa = PBXGroup;
			children = (
				F168EB5A2ABAA0530002422C /* Feed Feature */,
				F168EB452ABAA04C0002422C /* EssentialFeedEx2.h */,
			);
			path = EssentialFeedEx2;
			sourceTree = "<group>";
		};
		F168EB4E2ABAA04C0002422C /* EssentialFeedEx2Tests */ = {
			isa = PBXGroup;
			children = (
				F168EB4F2ABAA04C0002422C /* EssentialFeedEx2Tests.swift */,
			);
			path = EssentialFeedEx2Tests;
			sourceTree = "<group>";
		};
		F168EB5A2ABAA0530002422C /* Feed Feature */ = {
			isa = PBXGroup;
			children = (
				F168EB5B2ABAA0860002422C /* FeedItem.swift */,
				F168EB5D2ABAA0930002422C /* FeedLoader.swift */,
			);
			path = "Feed Feature";
			sourceTree = "<group>";
		};
/* End PBXGroup section */

/* Begin PBXHeadersBuildPhase section */
		F168EB3D2ABAA04C0002422C /* Headers */ = {
			isa = PBXHeadersBuildPhase;
			buildActionMask = 2147483647;
			files = (
				F168EB512ABAA04C0002422C /* EssentialFeedEx2.h in Headers */,
			);
			runOnlyForDeploymentPostprocessing = 0;
		};
/* End PBXHeadersBuildPhase section */

/* Begin PBXNativeTarget section */
		F168EB412ABAA04C0002422C /* EssentialFeedEx2 */ = {
			isa = PBXNativeTarget;
			buildConfigurationList = F168EB542ABAA04C0002422C /* Build configuration list for PBXNativeTarget "EssentialFeedEx2" */;
			buildPhases = (
				F168EB3D2ABAA04C0002422C /* Headers */,
				F168EB3E2ABAA04C0002422C /* Sources */,
				F168EB3F2ABAA04C0002422C /* Frameworks */,
				F168EB402ABAA04C0002422C /* Resources */,
			);
			buildRules = (
			);
			dependencies = (
			);
			name = EssentialFeedEx2;
			productName = EssentialFeedEx2;
			productReference = F168EB422ABAA04C0002422C /* EssentialFeedEx2.framework */;
			productType = "com.apple.product-type.framework";
		};
		F168EB492ABAA04C0002422C /* EssentialFeedEx2Tests */ = {
			isa = PBXNativeTarget;
			buildConfigurationList = F168EB572ABAA04C0002422C /* Build configuration list for PBXNativeTarget "EssentialFeedEx2Tests" */;
			buildPhases = (
				F168EB462ABAA04C0002422C /* Sources */,
				F168EB472ABAA04C0002422C /* Frameworks */,
				F168EB482ABAA04C0002422C /* Resources */,
			);
			buildRules = (
			);
			dependencies = (
				F168EB4D2ABAA04C0002422C /* PBXTargetDependency */,
			);
			name = EssentialFeedEx2Tests;
			productName = EssentialFeedEx2Tests;
			productReference = F168EB4A2ABAA04C0002422C /* EssentialFeedEx2Tests.xctest */;
			productType = "com.apple.product-type.bundle.unit-test";
		};
/* End PBXNativeTarget section */

/* Begin PBXProject section */
		F168EB392ABAA04C0002422C /* Project object */ = {
			isa = PBXProject;
			attributes = {
				BuildIndependentTargetsInParallel = 1;
				LastSwiftUpdateCheck = 1420;
				LastUpgradeCheck = 1420;
				TargetAttributes = {
					F168EB412ABAA04C0002422C = {
						CreatedOnToolsVersion = 14.2;
						LastSwiftMigration = 1420;
					};
					F168EB492ABAA04C0002422C = {
						CreatedOnToolsVersion = 14.2;
					};
				};
			};
			buildConfigurationList = F168EB3C2ABAA04C0002422C /* Build configuration list for PBXProject "EssentialFeedEx2" */;
			compatibilityVersion = "Xcode 14.0";
			developmentRegion = en;
			hasScannedForEncodings = 0;
			knownRegions = (
				en,
				Base,
			);
			mainGroup = F168EB382ABAA04C0002422C;
			productRefGroup = F168EB432ABAA04C0002422C /* Products */;
			projectDirPath = "";
			projectRoot = "";
			targets = (
				F168EB412ABAA04C0002422C /* EssentialFeedEx2 */,
				F168EB492ABAA04C0002422C /* EssentialFeedEx2Tests */,
			);
		};
/* End PBXProject section */

/* Begin PBXResourcesBuildPhase section */
		F168EB402ABAA04C0002422C /* Resources */ = {
			isa = PBXResourcesBuildPhase;
			buildActionMask = 2147483647;
			files = (
			);
			runOnlyForDeploymentPostprocessing = 0;
		};
		F168EB482ABAA04C0002422C /* Resources */ = {
			isa = PBXResourcesBuildPhase;
			buildActionMask = 2147483647;
			files = (
			);
			runOnlyForDeploymentPostprocessing = 0;
		};
/* End PBXResourcesBuildPhase section */

/* Begin PBXSourcesBuildPhase section */
		F168EB3E2ABAA04C0002422C /* Sources */ = {
			isa = PBXSourcesBuildPhase;
			buildActionMask = 2147483647;
			files = (
				F168EB5E2ABAA0930002422C /* FeedLoader.swift in Sources */,
				F168EB5C2ABAA0860002422C /* FeedItem.swift in Sources */,
			);
			runOnlyForDeploymentPostprocessing = 0;
		};
		F168EB462ABAA04C0002422C /* Sources */ = {
			isa = PBXSourcesBuildPhase;
			buildActionMask = 2147483647;
			files = (
				F168EB502ABAA04C0002422C /* EssentialFeedEx2Tests.swift in Sources */,
			);
			runOnlyForDeploymentPostprocessing = 0;
		};
/* End PBXSourcesBuildPhase section */

/* Begin PBXTargetDependency section */
		F168EB4D2ABAA04C0002422C /* PBXTargetDependency */ = {
			isa = PBXTargetDependency;
			target = F168EB412ABAA04C0002422C /* EssentialFeedEx2 */;
			targetProxy = F168EB4C2ABAA04C0002422C /* PBXContainerItemProxy */;
		};
/* End PBXTargetDependency section */

/* Begin XCBuildConfiguration section */
		F168EB522ABAA04C0002422C /* Debug */ = {
			isa = XCBuildConfiguration;
			buildSettings = {
				ALWAYS_SEARCH_USER_PATHS = NO;
				CLANG_ANALYZER_NONNULL = YES;
				CLANG_ANALYZER_NUMBER_OBJECT_CONVERSION = YES_AGGRESSIVE;
				CLANG_CXX_LANGUAGE_STANDARD = "gnu++20";
				CLANG_ENABLE_MODULES = YES;
				CLANG_ENABLE_OBJC_ARC = YES;
				CLANG_ENABLE_OBJC_WEAK = YES;
				CLANG_WARN_BLOCK_CAPTURE_AUTORELEASING = YES;
				CLANG_WARN_BOOL_CONVERSION = YES;
				CLANG_WARN_COMMA = YES;
				CLANG_WARN_CONSTANT_CONVERSION = YES;
				CLANG_WARN_DEPRECATED_OBJC_IMPLEMENTATIONS = YES;
				CLANG_WARN_DIRECT_OBJC_ISA_USAGE = YES_ERROR;
				CLANG_WARN_DOCUMENTATION_COMMENTS = YES;
				CLANG_WARN_EMPTY_BODY = YES;
				CLANG_WARN_ENUM_CONVERSION = YES;
				CLANG_WARN_INFINITE_RECURSION = YES;
				CLANG_WARN_INT_CONVERSION = YES;
				CLANG_WARN_NON_LITERAL_NULL_CONVERSION = YES;
				CLANG_WARN_OBJC_IMPLICIT_RETAIN_SELF = YES;
				CLANG_WARN_OBJC_LITERAL_CONVERSION = YES;
				CLANG_WARN_OBJC_ROOT_CLASS = YES_ERROR;
				CLANG_WARN_QUOTED_INCLUDE_IN_FRAMEWORK_HEADER = YES;
				CLANG_WARN_RANGE_LOOP_ANALYSIS = YES;
				CLANG_WARN_STRICT_PROTOTYPES = YES;
				CLANG_WARN_SUSPICIOUS_MOVE = YES;
				CLANG_WARN_UNGUARDED_AVAILABILITY = YES_AGGRESSIVE;
				CLANG_WARN_UNREACHABLE_CODE = YES;
				CLANG_WARN__DUPLICATE_METHOD_MATCH = YES;
				COPY_PHASE_STRIP = NO;
				CURRENT_PROJECT_VERSION = 1;
				DEBUG_INFORMATION_FORMAT = dwarf;
				ENABLE_STRICT_OBJC_MSGSEND = YES;
				ENABLE_TESTABILITY = YES;
				GCC_C_LANGUAGE_STANDARD = gnu11;
				GCC_DYNAMIC_NO_PIC = NO;
				GCC_NO_COMMON_BLOCKS = YES;
				GCC_OPTIMIZATION_LEVEL = 0;
				GCC_PREPROCESSOR_DEFINITIONS = (
					"DEBUG=1",
					"$(inherited)",
				);
				GCC_WARN_64_TO_32_BIT_CONVERSION = YES;
				GCC_WARN_ABOUT_RETURN_TYPE = YES_ERROR;
				GCC_WARN_UNDECLARED_SELECTOR = YES;
				GCC_WARN_UNINITIALIZED_AUTOS = YES_AGGRESSIVE;
				GCC_WARN_UNUSED_FUNCTION = YES;
				GCC_WARN_UNUSED_VARIABLE = YES;
				MACOSX_DEPLOYMENT_TARGET = 12.6;
				MTL_ENABLE_DEBUG_INFO = INCLUDE_SOURCE;
				MTL_FAST_MATH = YES;
				ONLY_ACTIVE_ARCH = YES;
				SDKROOT = macosx;
				SWIFT_ACTIVE_COMPILATION_CONDITIONS = DEBUG;
				SWIFT_OPTIMIZATION_LEVEL = "-Onone";
				VERSIONING_SYSTEM = "apple-generic";
				VERSION_INFO_PREFIX = "";
			};
			name = Debug;
		};
		F168EB532ABAA04C0002422C /* Release */ = {
			isa = XCBuildConfiguration;
			buildSettings = {
				ALWAYS_SEARCH_USER_PATHS = NO;
				CLANG_ANALYZER_NONNULL = YES;
				CLANG_ANALYZER_NUMBER_OBJECT_CONVERSION = YES_AGGRESSIVE;
				CLANG_CXX_LANGUAGE_STANDARD = "gnu++20";
				CLANG_ENABLE_MODULES = YES;
				CLANG_ENABLE_OBJC_ARC = YES;
				CLANG_ENABLE_OBJC_WEAK = YES;
				CLANG_WARN_BLOCK_CAPTURE_AUTORELEASING = YES;
				CLANG_WARN_BOOL_CONVERSION = YES;
				CLANG_WARN_COMMA = YES;
				CLANG_WARN_CONSTANT_CONVERSION = YES;
				CLANG_WARN_DEPRECATED_OBJC_IMPLEMENTATIONS = YES;
				CLANG_WARN_DIRECT_OBJC_ISA_USAGE = YES_ERROR;
				CLANG_WARN_DOCUMENTATION_COMMENTS = YES;
				CLANG_WARN_EMPTY_BODY = YES;
				CLANG_WARN_ENUM_CONVERSION = YES;
				CLANG_WARN_INFINITE_RECURSION = YES;
				CLANG_WARN_INT_CONVERSION = YES;
				CLANG_WARN_NON_LITERAL_NULL_CONVERSION = YES;
				CLANG_WARN_OBJC_IMPLICIT_RETAIN_SELF = YES;
				CLANG_WARN_OBJC_LITERAL_CONVERSION = YES;
				CLANG_WARN_OBJC_ROOT_CLASS = YES_ERROR;
				CLANG_WARN_QUOTED_INCLUDE_IN_FRAMEWORK_HEADER = YES;
				CLANG_WARN_RANGE_LOOP_ANALYSIS = YES;
				CLANG_WARN_STRICT_PROTOTYPES = YES;
				CLANG_WARN_SUSPICIOUS_MOVE = YES;
				CLANG_WARN_UNGUARDED_AVAILABILITY = YES_AGGRESSIVE;
				CLANG_WARN_UNREACHABLE_CODE = YES;
				CLANG_WARN__DUPLICATE_METHOD_MATCH = YES;
				COPY_PHASE_STRIP = NO;
				CURRENT_PROJECT_VERSION = 1;
				DEBUG_INFORMATION_FORMAT = "dwarf-with-dsym";
				ENABLE_NS_ASSERTIONS = NO;
				ENABLE_STRICT_OBJC_MSGSEND = YES;
				GCC_C_LANGUAGE_STANDARD = gnu11;
				GCC_NO_COMMON_BLOCKS = YES;
				GCC_WARN_64_TO_32_BIT_CONVERSION = YES;
				GCC_WARN_ABOUT_RETURN_TYPE = YES_ERROR;
				GCC_WARN_UNDECLARED_SELECTOR = YES;
				GCC_WARN_UNINITIALIZED_AUTOS = YES_AGGRESSIVE;
				GCC_WARN_UNUSED_FUNCTION = YES;
				GCC_WARN_UNUSED_VARIABLE = YES;
				MACOSX_DEPLOYMENT_TARGET = 12.6;
				MTL_ENABLE_DEBUG_INFO = NO;
				MTL_FAST_MATH = YES;
				SDKROOT = macosx;
				SWIFT_COMPILATION_MODE = wholemodule;
				SWIFT_OPTIMIZATION_LEVEL = "-O";
				VERSIONING_SYSTEM = "apple-generic";
				VERSION_INFO_PREFIX = "";
			};
			name = Release;
		};
		F168EB552ABAA04C0002422C /* Debug */ = {
			isa = XCBuildConfiguration;
			buildSettings = {
				CLANG_ENABLE_MODULES = YES;
				CODE_SIGN_STYLE = Automatic;
				COMBINE_HIDPI_IMAGES = YES;
				CURRENT_PROJECT_VERSION = 1;
				DEFINES_MODULE = YES;
				DEVELOPMENT_TEAM = Y6D4PDUL7F;
				DYLIB_COMPATIBILITY_VERSION = 1;
				DYLIB_CURRENT_VERSION = 1;
				DYLIB_INSTALL_NAME_BASE = "@rpath";
				GENERATE_INFOPLIST_FILE = YES;
				INFOPLIST_KEY_NSHumanReadableCopyright = "";
				INSTALL_PATH = "$(LOCAL_LIBRARY_DIR)/Frameworks";
				LD_RUNPATH_SEARCH_PATHS = (
					"$(inherited)",
					"@executable_path/../Frameworks",
					"@loader_path/Frameworks",
				);
				MARKETING_VERSION = 1.0;
				PRODUCT_BUNDLE_IDENTIFIER = com.hdev.EssentialFeedEx2;
				PRODUCT_NAME = "$(TARGET_NAME:c99extidentifier)";
				SKIP_INSTALL = YES;
				SWIFT_EMIT_LOC_STRINGS = YES;
				SWIFT_OPTIMIZATION_LEVEL = "-Onone";
				SWIFT_VERSION = 5.0;
			};
			name = Debug;
		};
		F168EB562ABAA04C0002422C /* Release */ = {
			isa = XCBuildConfiguration;
			buildSettings = {
				CLANG_ENABLE_MODULES = YES;
				CODE_SIGN_STYLE = Automatic;
				COMBINE_HIDPI_IMAGES = YES;
				CURRENT_PROJECT_VERSION = 1;
				DEFINES_MODULE = YES;
				DEVELOPMENT_TEAM = Y6D4PDUL7F;
				DYLIB_COMPATIBILITY_VERSION = 1;
				DYLIB_CURRENT_VERSION = 1;
				DYLIB_INSTALL_NAME_BASE = "@rpath";
				GENERATE_INFOPLIST_FILE = YES;
				INFOPLIST_KEY_NSHumanReadableCopyright = "";
				INSTALL_PATH = "$(LOCAL_LIBRARY_DIR)/Frameworks";
				LD_RUNPATH_SEARCH_PATHS = (
					"$(inherited)",
					"@executable_path/../Frameworks",
					"@loader_path/Frameworks",
				);
				MARKETING_VERSION = 1.0;
				PRODUCT_BUNDLE_IDENTIFIER = com.hdev.EssentialFeedEx2;
				PRODUCT_NAME = "$(TARGET_NAME:c99extidentifier)";
				SKIP_INSTALL = YES;
				SWIFT_EMIT_LOC_STRINGS = YES;
				SWIFT_VERSION = 5.0;
			};
			name = Release;
		};
		F168EB582ABAA04C0002422C /* Debug */ = {
			isa = XCBuildConfiguration;
			buildSettings = {
				ALWAYS_EMBED_SWIFT_STANDARD_LIBRARIES = YES;
				CODE_SIGN_STYLE = Automatic;
				CURRENT_PROJECT_VERSION = 1;
				DEVELOPMENT_TEAM = Y6D4PDUL7F;
				GENERATE_INFOPLIST_FILE = YES;
				MARKETING_VERSION = 1.0;
				PRODUCT_BUNDLE_IDENTIFIER = com.hdev.EssentialFeedEx2Tests;
				PRODUCT_NAME = "$(TARGET_NAME)";
				SWIFT_EMIT_LOC_STRINGS = NO;
				SWIFT_VERSION = 5.0;
			};
			name = Debug;
		};
		F168EB592ABAA04C0002422C /* Release */ = {
			isa = XCBuildConfiguration;
			buildSettings = {
				ALWAYS_EMBED_SWIFT_STANDARD_LIBRARIES = YES;
				CODE_SIGN_STYLE = Automatic;
				CURRENT_PROJECT_VERSION = 1;
				DEVELOPMENT_TEAM = Y6D4PDUL7F;
				GENERATE_INFOPLIST_FILE = YES;
				MARKETING_VERSION = 1.0;
				PRODUCT_BUNDLE_IDENTIFIER = com.hdev.EssentialFeedEx2Tests;
				PRODUCT_NAME = "$(TARGET_NAME)";
				SWIFT_EMIT_LOC_STRINGS = NO;
				SWIFT_VERSION = 5.0;
			};
			name = Release;
		};
/* End XCBuildConfiguration section */

/* Begin XCConfigurationList section */
		F168EB3C2ABAA04C0002422C /* Build configuration list for PBXProject "EssentialFeedEx2" */ = {
			isa = XCConfigurationList;
			buildConfigurations = (
				F168EB522ABAA04C0002422C /* Debug */,
				F168EB532ABAA04C0002422C /* Release */,
			);
			defaultConfigurationIsVisible = 0;
			defaultConfigurationName = Release;
		};
		F168EB542ABAA04C0002422C /* Build configuration list for PBXNativeTarget "EssentialFeedEx2" */ = {
			isa = XCConfigurationList;
			buildConfigurations = (
				F168EB552ABAA04C0002422C /* Debug */,
				F168EB562ABAA04C0002422C /* Release */,
			);
			defaultConfigurationIsVisible = 0;
			defaultConfigurationName = Release;
		};
		F168EB572ABAA04C0002422C /* Build configuration list for PBXNativeTarget "EssentialFeedEx2Tests" */ = {
			isa = XCConfigurationList;
			buildConfigurations = (
				F168EB582ABAA04C0002422C /* Debug */,
				F168EB592ABAA04C0002422C /* Release */,
			);
			defaultConfigurationIsVisible = 0;
			defaultConfigurationName = Release;
		};
/* End XCConfigurationList section */
	};
	rootObject = F168EB392ABAA04C0002422C /* Project object */;
}
